// !$*UTF8*$!
{
	archiveVersion = 1;
	classes = {
	};
	objectVersion = 55;
	objects = {

/* Begin PBXBuildFile section */
		FB439D2528CEF1890098FDE8 /* CryptoInfoApp.swift in Sources */ = {isa = PBXBuildFile; fileRef = FB439D2428CEF1890098FDE8 /* CryptoInfoApp.swift */; };
		FB439D2728CEF1890098FDE8 /* ContentView.swift in Sources */ = {isa = PBXBuildFile; fileRef = FB439D2628CEF1890098FDE8 /* ContentView.swift */; };
		FB439D2C28CEF18B0098FDE8 /* Preview Assets.xcassets in Resources */ = {isa = PBXBuildFile; fileRef = FB439D2B28CEF18B0098FDE8 /* Preview Assets.xcassets */; };
		FB439D3328CEF29A0098FDE8 /* Assets.xcassets in Resources */ = {isa = PBXBuildFile; fileRef = FB439D3228CEF29A0098FDE8 /* Assets.xcassets */; };
		FB439D3628CEF3C20098FDE8 /* Color.swift in Sources */ = {isa = PBXBuildFile; fileRef = FB439D3528CEF3C20098FDE8 /* Color.swift */; };
		FB439D3C28CEF6770098FDE8 /* HomeView.swift in Sources */ = {isa = PBXBuildFile; fileRef = FB439D3B28CEF6770098FDE8 /* HomeView.swift */; };
		FB439D4028CEF75E0098FDE8 /* CircleButtonView.swift in Sources */ = {isa = PBXBuildFile; fileRef = FB439D3F28CEF75E0098FDE8 /* CircleButtonView.swift */; };
		FB439D4228CEFA140098FDE8 /* CircleButtonAnimationView.swift in Sources */ = {isa = PBXBuildFile; fileRef = FB439D4128CEFA140098FDE8 /* CircleButtonAnimationView.swift */; };
		FB46182F28CFC95D00548D60 /* CoinModel.swift in Sources */ = {isa = PBXBuildFile; fileRef = FB46182E28CFC95D00548D60 /* CoinModel.swift */; };
		FB63455028D1921100594556 /* CoinRowView.swift in Sources */ = {isa = PBXBuildFile; fileRef = FB63454F28D1921000594556 /* CoinRowView.swift */; };
		FB63455228D1926B00594556 /* PreviewProvider.swift in Sources */ = {isa = PBXBuildFile; fileRef = FB63455128D1926B00594556 /* PreviewProvider.swift */; };
		FB63455428D1964600594556 /* Double.swift in Sources */ = {isa = PBXBuildFile; fileRef = FB63455328D1964600594556 /* Double.swift */; };
		FBB131EB28D2F8CC00F5C79A /* HomeViewModel.swift in Sources */ = {isa = PBXBuildFile; fileRef = FBB131EA28D2F8CC00F5C79A /* HomeViewModel.swift */; };
/* End PBXBuildFile section */

/* Begin PBXFileReference section */
		FB439D2128CEF1890098FDE8 /* Crypto Tracker.app */ = {isa = PBXFileReference; explicitFileType = wrapper.application; includeInIndex = 0; path = "Crypto Tracker.app"; sourceTree = BUILT_PRODUCTS_DIR; };
		FB439D2428CEF1890098FDE8 /* CryptoInfoApp.swift */ = {isa = PBXFileReference; lastKnownFileType = sourcecode.swift; path = CryptoInfoApp.swift; sourceTree = "<group>"; };
		FB439D2628CEF1890098FDE8 /* ContentView.swift */ = {isa = PBXFileReference; lastKnownFileType = sourcecode.swift; path = ContentView.swift; sourceTree = "<group>"; };
		FB439D2B28CEF18B0098FDE8 /* Preview Assets.xcassets */ = {isa = PBXFileReference; lastKnownFileType = folder.assetcatalog; path = "Preview Assets.xcassets"; sourceTree = "<group>"; };
		FB439D3228CEF29A0098FDE8 /* Assets.xcassets */ = {isa = PBXFileReference; lastKnownFileType = folder.assetcatalog; name = Assets.xcassets; path = ../../../Downloads/Resources/Assets.xcassets; sourceTree = "<group>"; };
		FB439D3528CEF3C20098FDE8 /* Color.swift */ = {isa = PBXFileReference; lastKnownFileType = sourcecode.swift; path = Color.swift; sourceTree = "<group>"; };
		FB439D3B28CEF6770098FDE8 /* HomeView.swift */ = {isa = PBXFileReference; lastKnownFileType = sourcecode.swift; path = HomeView.swift; sourceTree = "<group>"; };
		FB439D3F28CEF75E0098FDE8 /* CircleButtonView.swift */ = {isa = PBXFileReference; lastKnownFileType = sourcecode.swift; path = CircleButtonView.swift; sourceTree = "<group>"; };
		FB439D4128CEFA140098FDE8 /* CircleButtonAnimationView.swift */ = {isa = PBXFileReference; lastKnownFileType = sourcecode.swift; path = CircleButtonAnimationView.swift; sourceTree = "<group>"; };
		FB46182E28CFC95D00548D60 /* CoinModel.swift */ = {isa = PBXFileReference; lastKnownFileType = sourcecode.swift; path = CoinModel.swift; sourceTree = "<group>"; };
		FB63454F28D1921000594556 /* CoinRowView.swift */ = {isa = PBXFileReference; lastKnownFileType = sourcecode.swift; path = CoinRowView.swift; sourceTree = "<group>"; };
		FB63455128D1926B00594556 /* PreviewProvider.swift */ = {isa = PBXFileReference; lastKnownFileType = sourcecode.swift; path = PreviewProvider.swift; sourceTree = "<group>"; };
		FB63455328D1964600594556 /* Double.swift */ = {isa = PBXFileReference; lastKnownFileType = sourcecode.swift; path = Double.swift; sourceTree = "<group>"; };
		FBB131EA28D2F8CC00F5C79A /* HomeViewModel.swift */ = {isa = PBXFileReference; lastKnownFileType = sourcecode.swift; path = HomeViewModel.swift; sourceTree = "<group>"; };
/* End PBXFileReference section */

/* Begin PBXFrameworksBuildPhase section */
		FB439D1E28CEF1890098FDE8 /* Frameworks */ = {
			isa = PBXFrameworksBuildPhase;
			buildActionMask = 2147483647;
			files = (
			);
			runOnlyForDeploymentPostprocessing = 0;
		};
/* End PBXFrameworksBuildPhase section */

/* Begin PBXGroup section */
		FB439D1828CEF1890098FDE8 = {
			isa = PBXGroup;
			children = (
				FB439D2328CEF1890098FDE8 /* CryptoInfo */,
				FB439D2228CEF1890098FDE8 /* Products */,
			);
			sourceTree = "<group>";
		};
		FB439D2228CEF1890098FDE8 /* Products */ = {
			isa = PBXGroup;
			children = (
				FB439D2128CEF1890098FDE8 /* Crypto Tracker.app */,
			);
			name = Products;
			sourceTree = "<group>";
		};
		FB439D2328CEF1890098FDE8 /* CryptoInfo */ = {
			isa = PBXGroup;
			children = (
				FB439D2428CEF1890098FDE8 /* CryptoInfoApp.swift */,
				FB439D3428CEF3AC0098FDE8 /* Extensions */,
				FB46182D28CFC92800548D60 /* Models */,
				FB439D3728CEF5E90098FDE8 /* Core */,
				FB439D2628CEF1890098FDE8 /* ContentView.swift */,
				FB439D3228CEF29A0098FDE8 /* Assets.xcassets */,
				FB439D2A28CEF18B0098FDE8 /* Preview Content */,
			);
			path = CryptoInfo;
			sourceTree = "<group>";
		};
		FB439D2A28CEF18B0098FDE8 /* Preview Content */ = {
			isa = PBXGroup;
			children = (
				FB439D2B28CEF18B0098FDE8 /* Preview Assets.xcassets */,
			);
			path = "Preview Content";
			sourceTree = "<group>";
		};
		FB439D3428CEF3AC0098FDE8 /* Extensions */ = {
			isa = PBXGroup;
			children = (
				FB439D3528CEF3C20098FDE8 /* Color.swift */,
				FB63455128D1926B00594556 /* PreviewProvider.swift */,
				FB63455328D1964600594556 /* Double.swift */,
			);
			path = Extensions;
			sourceTree = "<group>";
		};
		FB439D3728CEF5E90098FDE8 /* Core */ = {
			isa = PBXGroup;
			children = (
				FB439D3D28CEF7350098FDE8 /* Components */,
				FB439D3828CEF6030098FDE8 /* Home */,
			);
			path = Core;
			sourceTree = "<group>";
		};
		FB439D3828CEF6030098FDE8 /* Home */ = {
			isa = PBXGroup;
			children = (
				FB439D3A28CEF6220098FDE8 /* ViewModels */,
				FB439D3928CEF60F0098FDE8 /* Views */,
			);
			path = Home;
			sourceTree = "<group>";
		};
		FB439D3928CEF60F0098FDE8 /* Views */ = {
			isa = PBXGroup;
			children = (
				FB439D3B28CEF6770098FDE8 /* HomeView.swift */,
				FB63454F28D1921000594556 /* CoinRowView.swift */,
			);
			path = Views;
			sourceTree = "<group>";
		};
		FB439D3A28CEF6220098FDE8 /* ViewModels */ = {
			isa = PBXGroup;
			children = (
				FBB131EA28D2F8CC00F5C79A /* HomeViewModel.swift */,
			);
			path = ViewModels;
			sourceTree = "<group>";
		};
		FB439D3D28CEF7350098FDE8 /* Components */ = {
			isa = PBXGroup;
			children = (
				FB439D3E28CEF74F0098FDE8 /* CircleButton */,
			);
			path = Components;
			sourceTree = "<group>";
		};
		FB439D3E28CEF74F0098FDE8 /* CircleButton */ = {
			isa = PBXGroup;
			children = (
				FB439D3F28CEF75E0098FDE8 /* CircleButtonView.swift */,
				FB439D4128CEFA140098FDE8 /* CircleButtonAnimationView.swift */,
			);
			path = CircleButton;
			sourceTree = "<group>";
		};
		FB46182D28CFC92800548D60 /* Models */ = {
			isa = PBXGroup;
			children = (
				FB46182E28CFC95D00548D60 /* CoinModel.swift */,
			);
			path = Models;
			sourceTree = "<group>";
		};
/* End PBXGroup section */

/* Begin PBXNativeTarget section */
		FB439D2028CEF1890098FDE8 /* CryptoInfo */ = {
			isa = PBXNativeTarget;
			buildConfigurationList = FB439D2F28CEF18B0098FDE8 /* Build configuration list for PBXNativeTarget "CryptoInfo" */;
			buildPhases = (
				FB439D1D28CEF1890098FDE8 /* Sources */,
				FB439D1E28CEF1890098FDE8 /* Frameworks */,
				FB439D1F28CEF1890098FDE8 /* Resources */,
			);
			buildRules = (
			);
			dependencies = (
			);
			name = CryptoInfo;
			productName = CryptoInfo;
			productReference = FB439D2128CEF1890098FDE8 /* Crypto Tracker.app */;
			productType = "com.apple.product-type.application";
		};
/* End PBXNativeTarget section */

/* Begin PBXProject section */
		FB439D1928CEF1890098FDE8 /* Project object */ = {
			isa = PBXProject;
			attributes = {
				BuildIndependentTargetsInParallel = 1;
				LastSwiftUpdateCheck = 1320;
				LastUpgradeCheck = 1320;
				TargetAttributes = {
					FB439D2028CEF1890098FDE8 = {
						CreatedOnToolsVersion = 13.2.1;
					};
				};
			};
			buildConfigurationList = FB439D1C28CEF1890098FDE8 /* Build configuration list for PBXProject "CryptoInfo" */;
			compatibilityVersion = "Xcode 13.0";
			developmentRegion = en;
			hasScannedForEncodings = 0;
			knownRegions = (
				en,
				Base,
			);
			mainGroup = FB439D1828CEF1890098FDE8;
			productRefGroup = FB439D2228CEF1890098FDE8 /* Products */;
			projectDirPath = "";
			projectRoot = "";
			targets = (
				FB439D2028CEF1890098FDE8 /* CryptoInfo */,
			);
		};
/* End PBXProject section */

/* Begin PBXResourcesBuildPhase section */
		FB439D1F28CEF1890098FDE8 /* Resources */ = {
			isa = PBXResourcesBuildPhase;
			buildActionMask = 2147483647;
			files = (
				FB439D2C28CEF18B0098FDE8 /* Preview Assets.xcassets in Resources */,
				FB439D3328CEF29A0098FDE8 /* Assets.xcassets in Resources */,
			);
			runOnlyForDeploymentPostprocessing = 0;
		};
/* End PBXResourcesBuildPhase section */

/* Begin PBXSourcesBuildPhase section */
		FB439D1D28CEF1890098FDE8 /* Sources */ = {
			isa = PBXSourcesBuildPhase;
			buildActionMask = 2147483647;
			files = (
				FB63455028D1921100594556 /* CoinRowView.swift in Sources */,
				FBB131EB28D2F8CC00F5C79A /* HomeViewModel.swift in Sources */,
				FB439D2728CEF1890098FDE8 /* ContentView.swift in Sources */,
				FB439D3C28CEF6770098FDE8 /* HomeView.swift in Sources */,
				FB439D2528CEF1890098FDE8 /* CryptoInfoApp.swift in Sources */,
				FB439D4028CEF75E0098FDE8 /* CircleButtonView.swift in Sources */,
				FB439D3628CEF3C20098FDE8 /* Color.swift in Sources */,
				FB439D4228CEFA140098FDE8 /* CircleButtonAnimationView.swift in Sources */,
				FB63455228D1926B00594556 /* PreviewProvider.swift in Sources */,
				FB63455428D1964600594556 /* Double.swift in Sources */,
				FB46182F28CFC95D00548D60 /* CoinModel.swift in Sources */,
			);
			runOnlyForDeploymentPostprocessing = 0;
		};
/* End PBXSourcesBuildPhase section */

/* Begin XCBuildConfiguration section */
		FB439D2D28CEF18B0098FDE8 /* Debug */ = {
			isa = XCBuildConfiguration;
			buildSettings = {
				ALWAYS_SEARCH_USER_PATHS = NO;
				CLANG_ANALYZER_NONNULL = YES;
				CLANG_ANALYZER_NUMBER_OBJECT_CONVERSION = YES_AGGRESSIVE;
				CLANG_CXX_LANGUAGE_STANDARD = "gnu++17";
				CLANG_CXX_LIBRARY = "libc++";
				CLANG_ENABLE_MODULES = YES;
				CLANG_ENABLE_OBJC_ARC = YES;
				CLANG_ENABLE_OBJC_WEAK = YES;
				CLANG_WARN_BLOCK_CAPTURE_AUTORELEASING = YES;
				CLANG_WARN_BOOL_CONVERSION = YES;
				CLANG_WARN_COMMA = YES;
				CLANG_WARN_CONSTANT_CONVERSION = YES;
				CLANG_WARN_DEPRECATED_OBJC_IMPLEMENTATIONS = YES;
				CLANG_WARN_DIRECT_OBJC_ISA_USAGE = YES_ERROR;
				CLANG_WARN_DOCUMENTATION_COMMENTS = YES;
				CLANG_WARN_EMPTY_BODY = YES;
				CLANG_WARN_ENUM_CONVERSION = YES;
				CLANG_WARN_INFINITE_RECURSION = YES;
				CLANG_WARN_INT_CONVERSION = YES;
				CLANG_WARN_NON_LITERAL_NULL_CONVERSION = YES;
				CLANG_WARN_OBJC_IMPLICIT_RETAIN_SELF = YES;
				CLANG_WARN_OBJC_LITERAL_CONVERSION = YES;
				CLANG_WARN_OBJC_ROOT_CLASS = YES_ERROR;
				CLANG_WARN_QUOTED_INCLUDE_IN_FRAMEWORK_HEADER = YES;
				CLANG_WARN_RANGE_LOOP_ANALYSIS = YES;
				CLANG_WARN_STRICT_PROTOTYPES = YES;
				CLANG_WARN_SUSPICIOUS_MOVE = YES;
				CLANG_WARN_UNGUARDED_AVAILABILITY = YES_AGGRESSIVE;
				CLANG_WARN_UNREACHABLE_CODE = YES;
				CLANG_WARN__DUPLICATE_METHOD_MATCH = YES;
				COPY_PHASE_STRIP = NO;
				DEBUG_INFORMATION_FORMAT = dwarf;
				ENABLE_STRICT_OBJC_MSGSEND = YES;
				ENABLE_TESTABILITY = YES;
				GCC_C_LANGUAGE_STANDARD = gnu11;
				GCC_DYNAMIC_NO_PIC = NO;
				GCC_NO_COMMON_BLOCKS = YES;
				GCC_OPTIMIZATION_LEVEL = 0;
				GCC_PREPROCESSOR_DEFINITIONS = (
					"DEBUG=1",
					"$(inherited)",
				);
				GCC_WARN_64_TO_32_BIT_CONVERSION = YES;
				GCC_WARN_ABOUT_RETURN_TYPE = YES_ERROR;
				GCC_WARN_UNDECLARED_SELECTOR = YES;
				GCC_WARN_UNINITIALIZED_AUTOS = YES_AGGRESSIVE;
				GCC_WARN_UNUSED_FUNCTION = YES;
				GCC_WARN_UNUSED_VARIABLE = YES;
				IPHONEOS_DEPLOYMENT_TARGET = 15.2;
				MTL_ENABLE_DEBUG_INFO = INCLUDE_SOURCE;
				MTL_FAST_MATH = YES;
				ONLY_ACTIVE_ARCH = YES;
				SDKROOT = iphoneos;
				SWIFT_ACTIVE_COMPILATION_CONDITIONS = DEBUG;
				SWIFT_OPTIMIZATION_LEVEL = "-Onone";
			};
			name = Debug;
		};
		FB439D2E28CEF18B0098FDE8 /* Release */ = {
			isa = XCBuildConfiguration;
			buildSettings = {
				ALWAYS_SEARCH_USER_PATHS = NO;
				CLANG_ANALYZER_NONNULL = YES;
				CLANG_ANALYZER_NUMBER_OBJECT_CONVERSION = YES_AGGRESSIVE;
				CLANG_CXX_LANGUAGE_STANDARD = "gnu++17";
				CLANG_CXX_LIBRARY = "libc++";
				CLANG_ENABLE_MODULES = YES;
				CLANG_ENABLE_OBJC_ARC = YES;
				CLANG_ENABLE_OBJC_WEAK = YES;
				CLANG_WARN_BLOCK_CAPTURE_AUTORELEASING = YES;
				CLANG_WARN_BOOL_CONVERSION = YES;
				CLANG_WARN_COMMA = YES;
				CLANG_WARN_CONSTANT_CONVERSION = YES;
				CLANG_WARN_DEPRECATED_OBJC_IMPLEMENTATIONS = YES;
				CLANG_WARN_DIRECT_OBJC_ISA_USAGE = YES_ERROR;
				CLANG_WARN_DOCUMENTATION_COMMENTS = YES;
				CLANG_WARN_EMPTY_BODY = YES;
				CLANG_WARN_ENUM_CONVERSION = YES;
				CLANG_WARN_INFINITE_RECURSION = YES;
				CLANG_WARN_INT_CONVERSION = YES;
				CLANG_WARN_NON_LITERAL_NULL_CONVERSION = YES;
				CLANG_WARN_OBJC_IMPLICIT_RETAIN_SELF = YES;
				CLANG_WARN_OBJC_LITERAL_CONVERSION = YES;
				CLANG_WARN_OBJC_ROOT_CLASS = YES_ERROR;
				CLANG_WARN_QUOTED_INCLUDE_IN_FRAMEWORK_HEADER = YES;
				CLANG_WARN_RANGE_LOOP_ANALYSIS = YES;
				CLANG_WARN_STRICT_PROTOTYPES = YES;
				CLANG_WARN_SUSPICIOUS_MOVE = YES;
				CLANG_WARN_UNGUARDED_AVAILABILITY = YES_AGGRESSIVE;
				CLANG_WARN_UNREACHABLE_CODE = YES;
				CLANG_WARN__DUPLICATE_METHOD_MATCH = YES;
				COPY_PHASE_STRIP = NO;
				DEBUG_INFORMATION_FORMAT = "dwarf-with-dsym";
				ENABLE_NS_ASSERTIONS = NO;
				ENABLE_STRICT_OBJC_MSGSEND = YES;
				GCC_C_LANGUAGE_STANDARD = gnu11;
				GCC_NO_COMMON_BLOCKS = YES;
				GCC_WARN_64_TO_32_BIT_CONVERSION = YES;
				GCC_WARN_ABOUT_RETURN_TYPE = YES_ERROR;
				GCC_WARN_UNDECLARED_SELECTOR = YES;
				GCC_WARN_UNINITIALIZED_AUTOS = YES_AGGRESSIVE;
				GCC_WARN_UNUSED_FUNCTION = YES;
				GCC_WARN_UNUSED_VARIABLE = YES;
				IPHONEOS_DEPLOYMENT_TARGET = 15.2;
				MTL_ENABLE_DEBUG_INFO = NO;
				MTL_FAST_MATH = YES;
				SDKROOT = iphoneos;
				SWIFT_COMPILATION_MODE = wholemodule;
				SWIFT_OPTIMIZATION_LEVEL = "-O";
				VALIDATE_PRODUCT = YES;
			};
			name = Release;
		};
		FB439D3028CEF18B0098FDE8 /* Debug */ = {
			isa = XCBuildConfiguration;
			buildSettings = {
				ASSETCATALOG_COMPILER_APPICON_NAME = AppIcon;
				ASSETCATALOG_COMPILER_GLOBAL_ACCENT_COLOR_NAME = AccentColor;
				CODE_SIGN_STYLE = Automatic;
				CURRENT_PROJECT_VERSION = 1;
				DEVELOPMENT_ASSET_PATHS = "\"CryptoInfo/Preview Content\"";
				DEVELOPMENT_TEAM = UH7A978RGL;
				ENABLE_PREVIEWS = YES;
				GENERATE_INFOPLIST_FILE = YES;
				INFOPLIST_KEY_UIApplicationSceneManifest_Generation = YES;
				INFOPLIST_KEY_UIApplicationSupportsIndirectInputEvents = YES;
				INFOPLIST_KEY_UILaunchScreen_Generation = YES;
				INFOPLIST_KEY_UISupportedInterfaceOrientations = UIInterfaceOrientationPortrait;
				INFOPLIST_KEY_UISupportedInterfaceOrientations_iPad = "UIInterfaceOrientationPortrait UIInterfaceOrientationPortraitUpsideDown UIInterfaceOrientationLandscapeLeft UIInterfaceOrientationLandscapeRight";
				INFOPLIST_KEY_UISupportedInterfaceOrientations_iPhone = "UIInterfaceOrientationPortrait UIInterfaceOrientationLandscapeLeft UIInterfaceOrientationLandscapeRight";
				LD_RUNPATH_SEARCH_PATHS = (
					"$(inherited)",
					"@executable_path/Frameworks",
				);
				MARKETING_VERSION = 1.0;
				PRODUCT_BUNDLE_IDENTIFIER = com.amoi.CryptoInfo;
				PRODUCT_NAME = "Crypto Tracker";
				SWIFT_EMIT_LOC_STRINGS = YES;
				SWIFT_VERSION = 5.0;
				TARGETED_DEVICE_FAMILY = "1,2";
			};
			name = Debug;
		};
		FB439D3128CEF18B0098FDE8 /* Release */ = {
			isa = XCBuildConfiguration;
			buildSettings = {
				ASSETCATALOG_COMPILER_APPICON_NAME = AppIcon;
				ASSETCATALOG_COMPILER_GLOBAL_ACCENT_COLOR_NAME = AccentColor;
				CODE_SIGN_STYLE = Automatic;
				CURRENT_PROJECT_VERSION = 1;
				DEVELOPMENT_ASSET_PATHS = "\"CryptoInfo/Preview Content\"";
				DEVELOPMENT_TEAM = UH7A978RGL;
				ENABLE_PREVIEWS = YES;
				GENERATE_INFOPLIST_FILE = YES;
				INFOPLIST_KEY_UIApplicationSceneManifest_Generation = YES;
				INFOPLIST_KEY_UIApplicationSupportsIndirectInputEvents = YES;
				INFOPLIST_KEY_UILaunchScreen_Generation = YES;
				INFOPLIST_KEY_UISupportedInterfaceOrientations = UIInterfaceOrientationPortrait;
				INFOPLIST_KEY_UISupportedInterfaceOrientations_iPad = "UIInterfaceOrientationPortrait UIInterfaceOrientationPortraitUpsideDown UIInterfaceOrientationLandscapeLeft UIInterfaceOrientationLandscapeRight";
				INFOPLIST_KEY_UISupportedInterfaceOrientations_iPhone = "UIInterfaceOrientationPortrait UIInterfaceOrientationLandscapeLeft UIInterfaceOrientationLandscapeRight";
				LD_RUNPATH_SEARCH_PATHS = (
					"$(inherited)",
					"@executable_path/Frameworks",
				);
				MARKETING_VERSION = 1.0;
				PRODUCT_BUNDLE_IDENTIFIER = com.amoi.CryptoInfo;
				PRODUCT_NAME = "Crypto Tracker";
				SWIFT_EMIT_LOC_STRINGS = YES;
				SWIFT_VERSION = 5.0;
				TARGETED_DEVICE_FAMILY = "1,2";
			};
			name = Release;
		};
/* End XCBuildConfiguration section */

/* Begin XCConfigurationList section */
		FB439D1C28CEF1890098FDE8 /* Build configuration list for PBXProject "CryptoInfo" */ = {
			isa = XCConfigurationList;
			buildConfigurations = (
				FB439D2D28CEF18B0098FDE8 /* Debug */,
				FB439D2E28CEF18B0098FDE8 /* Release */,
			);
			defaultConfigurationIsVisible = 0;
			defaultConfigurationName = Release;
		};
		FB439D2F28CEF18B0098FDE8 /* Build configuration list for PBXNativeTarget "CryptoInfo" */ = {
			isa = XCConfigurationList;
			buildConfigurations = (
				FB439D3028CEF18B0098FDE8 /* Debug */,
				FB439D3128CEF18B0098FDE8 /* Release */,
			);
			defaultConfigurationIsVisible = 0;
			defaultConfigurationName = Release;
		};
/* End XCConfigurationList section */
	};
	rootObject = FB439D1928CEF1890098FDE8 /* Project object */;
}
